
Microsoft Visual Studio Solution File, Format Version 12.00
# Visual Studio 15
VisualStudioVersion = 15.0.26730.12
MinimumVisualStudioVersion = 10.0.40219.1
Project("{FAE04EC0-301F-11D3-BF4B-00C04F79EFBC}") = "DAL", "DAL\DAL.csproj", "{B79DCFF4-B4D4-4CAE-AF09-942A49C93BE2}"
EndProject
Project("{9A19103F-16F7-4668-BE54-9A1E7A4F7556}") = "WebApp", "WebApp\WebApp.csproj", "{D986A646-75D0-4E81-AC3B-34170671299E}"
EndProject
Project("{9A19103F-16F7-4668-BE54-9A1E7A4F7556}") = "WebApp.Tests", "WebApp.Tests\WebApp.Tests.csproj", "{E59ABFFD-E421-4D99-B5A1-1BADC8A5472C}"
EndProject
Global
	GlobalSection(SolutionConfigurationPlatforms) = preSolution
		Debug|Any CPU = Debug|Any CPU
		Release|Any CPU = Release|Any CPU
	EndGlobalSection
	GlobalSection(ProjectConfigurationPlatforms) = postSolution
		{B79DCFF4-B4D4-4CAE-AF09-942A49C93BE2}.Debug|Any CPU.ActiveCfg = Debug|Any CPU
		{B79DCFF4-B4D4-4CAE-AF09-942A49C93BE2}.Debug|Any CPU.Build.0 = Debug|Any CPU
		{B79DCFF4-B4D4-4CAE-AF09-942A49C93BE2}.Release|Any CPU.ActiveCfg = Release|Any CPU
		{B79DCFF4-B4D4-4CAE-AF09-942A49C93BE2}.Release|Any CPU.Build.0 = Release|Any CPU
		{D986A646-75D0-4E81-AC3B-34170671299E}.Debug|Any CPU.ActiveCfg = Debug|Any CPU
		{D986A646-75D0-4E81-AC3B-34170671299E}.Debug|Any CPU.Build.0 = Debug|Any CPU
		{D986A646-75D0-4E81-AC3B-34170671299E}.Release|Any CPU.ActiveCfg = Release|Any CPU
		{D986A646-75D0-4E81-AC3B-34170671299E}.Release|Any CPU.Build.0 = Release|Any CPU
		{E59ABFFD-E421-4D99-B5A1-1BADC8A5472C}.Debug|Any CPU.ActiveCfg = Debug|Any CPU
		{E59ABFFD-E421-4D99-B5A1-1BADC8A5472C}.Debug|Any CPU.Build.0 = Debug|Any CPU
		{E59ABFFD-E421-4D99-B5A1-1BADC8A5472C}.Release|Any CPU.ActiveCfg = Release|Any CPU
		{E59ABFFD-E421-4D99-B5A1-1BADC8A5472C}.Release|Any CPU.Build.0 = Release|Any CPU
	EndGlobalSection
	GlobalSection(SolutionProperties) = preSolution
		HideSolutionNode = FALSE
	EndGlobalSection
	GlobalSection(ExtensibilityGlobals) = postSolution
		SolutionGuid = {6F653E75-4FB5-44B7-BC35-18411EFDAE43}
	EndGlobalSection
EndGlobal
